
Microsoft Visual Studio Solution File, Format Version 11.00
# Visual Studio 2010
Project("{FAE04EC0-301F-11D3-BF4B-00C04F79EFBC}") = "Assembly-CSharp", "Assembly-CSharp.csproj", "{e2b8f881-027f-d39d-bd74-b51bfac427cf}"
EndProject
Project("{FAE04EC0-301F-11D3-BF4B-00C04F79EFBC}") = "Assembly-CSharp-Editor", "Assembly-CSharp-Editor.csproj", "{f4f020ee-290a-d645-c0ef-22edcc9fbbd5}"
EndProject
Global
	GlobalSection(SolutionConfigurationPlatforms) = preSolution
		Debug|Any CPU = Debug|Any CPU
	EndGlobalSection
	GlobalSection(ProjectConfigurationPlatforms) = postSolution
		{e2b8f881-027f-d39d-bd74-b51bfac427cf}.Debug|Any CPU.ActiveCfg = Debug|Any CPU
		{e2b8f881-027f-d39d-bd74-b51bfac427cf}.Debug|Any CPU.Build.0 = Debug|Any CPU
		{f4f020ee-290a-d645-c0ef-22edcc9fbbd5}.Debug|Any CPU.ActiveCfg = Debug|Any CPU
		{f4f020ee-290a-d645-c0ef-22edcc9fbbd5}.Debug|Any CPU.Build.0 = Debug|Any CPU
	EndGlobalSection
	GlobalSection(SolutionProperties) = preSolution
		HideSolutionNode = FALSE
	EndGlobalSection
EndGlobal
